
Microsoft Visual Studio Solution File, Format Version 9.00
# Visual Studio 2005
Project("{8BC9CEB8-8B4A-11D0-8D11-00A0C91BC942}") = "libtwolame_dll", "twolame-0.3.12-MOD\win32\libtwolame_dll.vcproj", "{DFB06356-061D-4EAD-82F5-4696149B6F01}"
EndProject
Project("{8BC9CEB8-8B4A-11D0-8D11-00A0C91BC942}") = "libmp2_dll", "libmp2_dll\libmp2_dll.vcproj", "{BF538CB5-8A5E-40C5-926A-AD8D002C06F0}"
EndProject
Project("{8BC9CEB8-8B4A-11D0-8D11-00A0C91BC942}") = "mp2Encoder", "mp2Encoder\mp2Encoder.vcproj", "{C3701EA2-3AE0-4138-BFF2-FB624EEADBA8}"
	ProjectSection(ProjectDependencies) = postProject
		{DFB06356-061D-4EAD-82F5-4696149B6F01} = {DFB06356-061D-4EAD-82F5-4696149B6F01}
	EndProjectSection
EndProject
Project("{8BC9CEB8-8B4A-11D0-8D11-00A0C91BC942}") = "mp2Decoder", "mp2Decoder\mp2Decoder.vcproj", "{12DEE264-56A8-44C1-A3D8-F7D27A3BB8A2}"
	ProjectSection(ProjectDependencies) = postProject
		{BF538CB5-8A5E-40C5-926A-AD8D002C06F0} = {BF538CB5-8A5E-40C5-926A-AD8D002C06F0}
	EndProjectSection
EndProject
Project("{8BC9CEB8-8B4A-11D0-8D11-00A0C91BC942}") = "libtwolame_static", "twolame-0.3.12-MOD\win32\libtwolame_static.vcproj", "{8C69F7B6-684F-48D9-9057-8912CA3DAA8B}"
EndProject
Project("{8BC9CEB8-8B4A-11D0-8D11-00A0C91BC942}") = "twolame", "twolame-0.3.12-MOD\win32\twolame.vcproj", "{79A0A258-1F3D-450B-9445-906C3328216F}"
	ProjectSection(ProjectDependencies) = postProject
		{8C69F7B6-684F-48D9-9057-8912CA3DAA8B} = {8C69F7B6-684F-48D9-9057-8912CA3DAA8B}
	EndProjectSection
EndProject
Project("{8BC9CEB8-8B4A-11D0-8D11-00A0C91BC942}") = "mp2Changer", "mp2Changer\mp2Changer.vcproj", "{7B1662D3-A89A-4FDD-B728-82DD8DD5A310}"
	ProjectSection(ProjectDependencies) = postProject
		{BF538CB5-8A5E-40C5-926A-AD8D002C06F0} = {BF538CB5-8A5E-40C5-926A-AD8D002C06F0}
		{A39B2794-3908-4223-B175-271A30E4D914} = {A39B2794-3908-4223-B175-271A30E4D914}
		{DFB06356-061D-4EAD-82F5-4696149B6F01} = {DFB06356-061D-4EAD-82F5-4696149B6F01}
	EndProjectSection
EndProject
Project("{8BC9CEB8-8B4A-11D0-8D11-00A0C91BC942}") = "libmp2Changer_dll", "libmp2Changer_dll\libmp2Changer_dll.vcproj", "{A39B2794-3908-4223-B175-271A30E4D914}"
	ProjectSection(ProjectDependencies) = postProject
		{DFB06356-061D-4EAD-82F5-4696149B6F01} = {DFB06356-061D-4EAD-82F5-4696149B6F01}
		{BF538CB5-8A5E-40C5-926A-AD8D002C06F0} = {BF538CB5-8A5E-40C5-926A-AD8D002C06F0}
	EndProjectSection
EndProject
Project("{8BC9CEB8-8B4A-11D0-8D11-00A0C91BC942}") = "mpg123DecoderTest", "mpg123DecoderTest\mpg123DecoderTest.vcproj", "{0CBF096F-DB66-44D7-AF9B-986C783262D9}"
EndProject
Project("{8BC9CEB8-8B4A-11D0-8D11-00A0C91BC942}") = "libScfCrc_dll", "libScfCrc_dll\libScfCrc_dll.vcproj", "{8DBE13BF-3361-49E2-B436-D7EBA5986602}"
EndProject
Project("{8BC9CEB8-8B4A-11D0-8D11-00A0C91BC942}") = "scfCrcTest", "scfCrcTest\scfCrcTest.vcproj", "{01212ED7-259F-482E-BF7B-580911867B15}"
	ProjectSection(ProjectDependencies) = postProject
		{8DBE13BF-3361-49E2-B436-D7EBA5986602} = {8DBE13BF-3361-49E2-B436-D7EBA5986602}
	EndProjectSection
EndProject
Project("{8BC9CEB8-8B4A-11D0-8D11-00A0C91BC942}") = "libmusicam_dll", "libmusicam_dll\libmusicam_dll.vcproj", "{C82410C9-89A2-4ED2-96D8-03547BB9DA87}"
	ProjectSection(ProjectDependencies) = postProject
		{DFB06356-061D-4EAD-82F5-4696149B6F01} = {DFB06356-061D-4EAD-82F5-4696149B6F01}
	EndProjectSection
EndProject
Project("{8BC9CEB8-8B4A-11D0-8D11-00A0C91BC942}") = "musicamTest", "musicamTest\musicamTest.vcproj", "{4FED4E87-68D3-4E96-98F7-578006E3D76A}"
	ProjectSection(ProjectDependencies) = postProject
		{DFB06356-061D-4EAD-82F5-4696149B6F01} = {DFB06356-061D-4EAD-82F5-4696149B6F01}
		{C82410C9-89A2-4ED2-96D8-03547BB9DA87} = {C82410C9-89A2-4ED2-96D8-03547BB9DA87}
	EndProjectSection
EndProject
Global
	GlobalSection(DPCodeReviewSolutionGUID) = preSolution
		DPCodeReviewSolutionGUID = {00000000-0000-0000-0000-000000000000}
	EndGlobalSection
	GlobalSection(SolutionConfigurationPlatforms) = preSolution
		Debug|Win32 = Debug|Win32
		Release|Win32 = Release|Win32
	EndGlobalSection
	GlobalSection(ProjectConfigurationPlatforms) = postSolution
		{DFB06356-061D-4EAD-82F5-4696149B6F01}.Debug|Win32.ActiveCfg = Debug|Win32
		{DFB06356-061D-4EAD-82F5-4696149B6F01}.Debug|Win32.Build.0 = Debug|Win32
		{DFB06356-061D-4EAD-82F5-4696149B6F01}.Release|Win32.ActiveCfg = Release|Win32
		{DFB06356-061D-4EAD-82F5-4696149B6F01}.Release|Win32.Build.0 = Release|Win32
		{BF538CB5-8A5E-40C5-926A-AD8D002C06F0}.Debug|Win32.ActiveCfg = Debug|Win32
		{BF538CB5-8A5E-40C5-926A-AD8D002C06F0}.Debug|Win32.Build.0 = Debug|Win32
		{BF538CB5-8A5E-40C5-926A-AD8D002C06F0}.Release|Win32.ActiveCfg = Release|Win32
		{BF538CB5-8A5E-40C5-926A-AD8D002C06F0}.Release|Win32.Build.0 = Release|Win32
		{C3701EA2-3AE0-4138-BFF2-FB624EEADBA8}.Debug|Win32.ActiveCfg = Debug|Win32
		{C3701EA2-3AE0-4138-BFF2-FB624EEADBA8}.Debug|Win32.Build.0 = Debug|Win32
		{C3701EA2-3AE0-4138-BFF2-FB624EEADBA8}.Release|Win32.ActiveCfg = Release|Win32
		{C3701EA2-3AE0-4138-BFF2-FB624EEADBA8}.Release|Win32.Build.0 = Release|Win32
		{12DEE264-56A8-44C1-A3D8-F7D27A3BB8A2}.Debug|Win32.ActiveCfg = Debug|Win32
		{12DEE264-56A8-44C1-A3D8-F7D27A3BB8A2}.Debug|Win32.Build.0 = Debug|Win32
		{12DEE264-56A8-44C1-A3D8-F7D27A3BB8A2}.Release|Win32.ActiveCfg = Release|Win32
		{12DEE264-56A8-44C1-A3D8-F7D27A3BB8A2}.Release|Win32.Build.0 = Release|Win32
		{8C69F7B6-684F-48D9-9057-8912CA3DAA8B}.Debug|Win32.ActiveCfg = Debug|Win32
		{8C69F7B6-684F-48D9-9057-8912CA3DAA8B}.Debug|Win32.Build.0 = Debug|Win32
		{8C69F7B6-684F-48D9-9057-8912CA3DAA8B}.Release|Win32.ActiveCfg = Release|Win32
		{8C69F7B6-684F-48D9-9057-8912CA3DAA8B}.Release|Win32.Build.0 = Release|Win32
		{79A0A258-1F3D-450B-9445-906C3328216F}.Debug|Win32.ActiveCfg = Debug|Win32
		{79A0A258-1F3D-450B-9445-906C3328216F}.Debug|Win32.Build.0 = Debug|Win32
		{79A0A258-1F3D-450B-9445-906C3328216F}.Release|Win32.ActiveCfg = Release|Win32
		{79A0A258-1F3D-450B-9445-906C3328216F}.Release|Win32.Build.0 = Release|Win32
		{7B1662D3-A89A-4FDD-B728-82DD8DD5A310}.Debug|Win32.ActiveCfg = Debug|Win32
		{7B1662D3-A89A-4FDD-B728-82DD8DD5A310}.Debug|Win32.Build.0 = Debug|Win32
		{7B1662D3-A89A-4FDD-B728-82DD8DD5A310}.Release|Win32.ActiveCfg = Release|Win32
		{7B1662D3-A89A-4FDD-B728-82DD8DD5A310}.Release|Win32.Build.0 = Release|Win32
		{A39B2794-3908-4223-B175-271A30E4D914}.Debug|Win32.ActiveCfg = Debug|Win32
		{A39B2794-3908-4223-B175-271A30E4D914}.Debug|Win32.Build.0 = Debug|Win32
		{A39B2794-3908-4223-B175-271A30E4D914}.Release|Win32.ActiveCfg = Release|Win32
		{A39B2794-3908-4223-B175-271A30E4D914}.Release|Win32.Build.0 = Release|Win32
		{0CBF096F-DB66-44D7-AF9B-986C783262D9}.Debug|Win32.ActiveCfg = Debug|Win32
		{0CBF096F-DB66-44D7-AF9B-986C783262D9}.Debug|Win32.Build.0 = Debug|Win32
		{0CBF096F-DB66-44D7-AF9B-986C783262D9}.Release|Win32.ActiveCfg = Release|Win32
		{0CBF096F-DB66-44D7-AF9B-986C783262D9}.Release|Win32.Build.0 = Release|Win32
		{8DBE13BF-3361-49E2-B436-D7EBA5986602}.Debug|Win32.ActiveCfg = Debug|Win32
		{8DBE13BF-3361-49E2-B436-D7EBA5986602}.Debug|Win32.Build.0 = Debug|Win32
		{8DBE13BF-3361-49E2-B436-D7EBA5986602}.Release|Win32.ActiveCfg = Release|Win32
		{8DBE13BF-3361-49E2-B436-D7EBA5986602}.Release|Win32.Build.0 = Release|Win32
		{01212ED7-259F-482E-BF7B-580911867B15}.Debug|Win32.ActiveCfg = Debug|Win32
		{01212ED7-259F-482E-BF7B-580911867B15}.Debug|Win32.Build.0 = Debug|Win32
		{01212ED7-259F-482E-BF7B-580911867B15}.Release|Win32.ActiveCfg = Release|Win32
		{01212ED7-259F-482E-BF7B-580911867B15}.Release|Win32.Build.0 = Release|Win32
		{C82410C9-89A2-4ED2-96D8-03547BB9DA87}.Debug|Win32.ActiveCfg = Debug|Win32
		{C82410C9-89A2-4ED2-96D8-03547BB9DA87}.Debug|Win32.Build.0 = Debug|Win32
		{C82410C9-89A2-4ED2-96D8-03547BB9DA87}.Release|Win32.ActiveCfg = Release|Win32
		{C82410C9-89A2-4ED2-96D8-03547BB9DA87}.Release|Win32.Build.0 = Release|Win32
		{4FED4E87-68D3-4E96-98F7-578006E3D76A}.Debug|Win32.ActiveCfg = Debug|Win32
		{4FED4E87-68D3-4E96-98F7-578006E3D76A}.Debug|Win32.Build.0 = Debug|Win32
		{4FED4E87-68D3-4E96-98F7-578006E3D76A}.Release|Win32.ActiveCfg = Release|Win32
		{4FED4E87-68D3-4E96-98F7-578006E3D76A}.Release|Win32.Build.0 = Release|Win32
	EndGlobalSection
	GlobalSection(SolutionProperties) = preSolution
		HideSolutionNode = FALSE
	EndGlobalSection
EndGlobal
